// !$*UTF8*$!
{
	archiveVersion = 1;
	classes = {
	};
	objectVersion = 46;
	objects = {

/* Begin PBXBuildFile section */
		0A04455A17F3825D000FF2A0 /* UIKit.framework in Frameworks */ = {isa = PBXBuildFile; fileRef = 0A04455917F3825D000FF2A0 /* UIKit.framework */; };
		0A04455C17F3825D000FF2A0 /* Foundation.framework in Frameworks */ = {isa = PBXBuildFile; fileRef = 0A04455B17F3825D000FF2A0 /* Foundation.framework */; };
		0A04455E17F3825D000FF2A0 /* CoreGraphics.framework in Frameworks */ = {isa = PBXBuildFile; fileRef = 0A04455D17F3825D000FF2A0 /* CoreGraphics.framework */; };
		0A04456017F3825D000FF2A0 /* CoreData.framework in Frameworks */ = {isa = PBXBuildFile; fileRef = 0A04455F17F3825D000FF2A0 /* CoreData.framework */; };
		0A04456617F3825D000FF2A0 /* InfoPlist.strings in Resources */ = {isa = PBXBuildFile; fileRef = 0A04456417F3825D000FF2A0 /* InfoPlist.strings */; };
		0A04456817F3825D000FF2A0 /* main.m in Sources */ = {isa = PBXBuildFile; fileRef = 0A04456717F3825D000FF2A0 /* main.m */; };
		0A04456C17F3825D000FF2A0 /* iWinAppDelegate.m in Sources */ = {isa = PBXBuildFile; fileRef = 0A04456B17F3825D000FF2A0 /* iWinAppDelegate.m */; };
		0A04456E17F3825D000FF2A0 /* Default.png in Resources */ = {isa = PBXBuildFile; fileRef = 0A04456D17F3825D000FF2A0 /* Default.png */; };
		0A04457017F3825D000FF2A0 /* Default@2x.png in Resources */ = {isa = PBXBuildFile; fileRef = 0A04456F17F3825D000FF2A0 /* Default@2x.png */; };
		0A04457217F3825D000FF2A0 /* Default-568h@2x.png in Resources */ = {isa = PBXBuildFile; fileRef = 0A04457117F3825D000FF2A0 /* Default-568h@2x.png */; };
		0A04457517F3825D000FF2A0 /* MeetingBuilder.xcdatamodeld in Sources */ = {isa = PBXBuildFile; fileRef = 0A04457317F3825D000FF2A0 /* MeetingBuilder.xcdatamodeld */; };
		0A1A727D1819E1F5009A49E5 /* iWinHomeScreenViewController.m in Sources */ = {isa = PBXBuildFile; fileRef = 0A1A727B1819E1F5009A49E5 /* iWinHomeScreenViewController.m */; };
		0A1A727E1819E1F5009A49E5 /* iWinHomeScreenViewController.xib in Resources */ = {isa = PBXBuildFile; fileRef = 0A1A727C1819E1F5009A49E5 /* iWinHomeScreenViewController.xib */; };
		0A1A728A1819F590009A49E5 /* iWinScheduleViewMeetingViewController.m in Sources */ = {isa = PBXBuildFile; fileRef = 0A1A72881819F590009A49E5 /* iWinScheduleViewMeetingViewController.m */; };
		0A1A728B1819F590009A49E5 /* iWinScheduleViewMeetingViewController.xib in Resources */ = {isa = PBXBuildFile; fileRef = 0A1A72891819F590009A49E5 /* iWinScheduleViewMeetingViewController.xib */; };
		0A1A72901819FE48009A49E5 /* iWinViewAndAddViewController.m in Sources */ = {isa = PBXBuildFile; fileRef = 0A1A728E1819FE48009A49E5 /* iWinViewAndAddViewController.m */; };
		0A1A72911819FE48009A49E5 /* iWinViewAndAddViewController.xib in Resources */ = {isa = PBXBuildFile; fileRef = 0A1A728F1819FE48009A49E5 /* iWinViewAndAddViewController.xib */; };
		0A1A7296181A1802009A49E5 /* iWinAgendaItemViewController.m in Sources */ = {isa = PBXBuildFile; fileRef = 0A1A7294181A1802009A49E5 /* iWinAgendaItemViewController.m */; };
		0A1A7297181A1802009A49E5 /* iWinAgendaItemViewController.xib in Resources */ = {isa = PBXBuildFile; fileRef = 0A1A7295181A1802009A49E5 /* iWinAgendaItemViewController.xib */; };
		0A1A729E181A22AB009A49E5 /* iWinTaskListViewController.m in Sources */ = {isa = PBXBuildFile; fileRef = 0A1A729C181A22AB009A49E5 /* iWinTaskListViewController.m */; };
		0A1A729F181A22AB009A49E5 /* iWinTaskListViewController.xib in Resources */ = {isa = PBXBuildFile; fileRef = 0A1A729D181A22AB009A49E5 /* iWinTaskListViewController.xib */; };
		0A1A72A3181A2663009A49E5 /* iWinAddAndViewTaskViewController.m in Sources */ = {isa = PBXBuildFile; fileRef = 0A1A72A1181A2663009A49E5 /* iWinAddAndViewTaskViewController.m */; };
		0A1A72A4181A2663009A49E5 /* iWinAddAndViewTaskViewController.xib in Resources */ = {isa = PBXBuildFile; fileRef = 0A1A72A2181A2663009A49E5 /* iWinAddAndViewTaskViewController.xib */; };
		0A1A72A8181A2C5E009A49E5 /* iWinAddUsersViewController.m in Sources */ = {isa = PBXBuildFile; fileRef = 0A1A72A6181A2C5E009A49E5 /* iWinAddUsersViewController.m */; };
		0A1A72A9181A2C5E009A49E5 /* iWinAddUsersViewController.xib in Resources */ = {isa = PBXBuildFile; fileRef = 0A1A72A7181A2C5E009A49E5 /* iWinAddUsersViewController.xib */; };
		0A7E515B17FBEA9700A4B8B7 /* iWinMainViewController.m in Sources */ = {isa = PBXBuildFile; fileRef = 0A7E515917FBEA9700A4B8B7 /* iWinMainViewController.m */; };
		0A7E515C17FBEA9700A4B8B7 /* iWinMainViewController.xib in Resources */ = {isa = PBXBuildFile; fileRef = 0A7E515A17FBEA9700A4B8B7 /* iWinMainViewController.xib */; };
		0A7E516017FBEB9200A4B8B7 /* iWinLoginViewController.m in Sources */ = {isa = PBXBuildFile; fileRef = 0A7E515E17FBEB9200A4B8B7 /* iWinLoginViewController.m */; };
		0A7E516117FBEB9200A4B8B7 /* iWinLoginViewController.xib in Resources */ = {isa = PBXBuildFile; fileRef = 0A7E515F17FBEB9200A4B8B7 /* iWinLoginViewController.xib */; };
		0A7E516517FBEBA200A4B8B7 /* iWinRegisterViewController.m in Sources */ = {isa = PBXBuildFile; fileRef = 0A7E516317FBEBA200A4B8B7 /* iWinRegisterViewController.m */; };
		0A7E516617FBEBA200A4B8B7 /* iWinRegisterViewController.xib in Resources */ = {isa = PBXBuildFile; fileRef = 0A7E516417FBEBA200A4B8B7 /* iWinRegisterViewController.xib */; };
		0A7F1CBE184FE0D60017209D /* AcousticModelEnglish.bundle in Resources */ = {isa = PBXBuildFile; fileRef = 0A7F1CBA184FE0D60017209D /* AcousticModelEnglish.bundle */; };
		0A7F1CBF184FE0D60017209D /* AcousticModelSpanish.bundle in Resources */ = {isa = PBXBuildFile; fileRef = 0A7F1CBB184FE0D60017209D /* AcousticModelSpanish.bundle */; };
		0A7F1CC0184FE0D60017209D /* OpenEars.framework in Frameworks */ = {isa = PBXBuildFile; fileRef = 0A7F1CBC184FE0D60017209D /* OpenEars.framework */; };
		0A7F1CC1184FE0D60017209D /* Slt.framework in Frameworks */ = {isa = PBXBuildFile; fileRef = 0A7F1CBD184FE0D60017209D /* Slt.framework */; };
		0A7F1CC8185637310017209D /* XCTest.framework in Frameworks */ = {isa = PBXBuildFile; fileRef = 0A7F1CC7185637310017209D /* XCTest.framework */; };
		0A7F1CC9185637310017209D /* Foundation.framework in Frameworks */ = {isa = PBXBuildFile; fileRef = 0A04455B17F3825D000FF2A0 /* Foundation.framework */; };
		0A7F1CCA185637310017209D /* UIKit.framework in Frameworks */ = {isa = PBXBuildFile; fileRef = 0A04455917F3825D000FF2A0 /* UIKit.framework */; };
		0A7F1CD0185637310017209D /* InfoPlist.strings in Resources */ = {isa = PBXBuildFile; fileRef = 0A7F1CCE185637310017209D /* InfoPlist.strings */; };
		0A7F1CD2185637310017209D /* MeetingBuilder_Tests.m in Sources */ = {isa = PBXBuildFile; fileRef = 0A7F1CD1185637310017209D /* MeetingBuilder_Tests.m */; };
		0A7F1CDB1858FD820017209D /* iWinAddUserTest.m in Sources */ = {isa = PBXBuildFile; fileRef = 0A7F1CDA1858FD820017209D /* iWinAddUserTest.m */; };
		0A7F1CDF185908790017209D /* iWinContact.m in Sources */ = {isa = PBXBuildFile; fileRef = 0A7F1CDE185908790017209D /* iWinContact.m */; };
		0A7F1CE218611FB10017209D /* iWinPopulateDatabase.m in Sources */ = {isa = PBXBuildFile; fileRef = 0A7F1CE118611FB10017209D /* iWinPopulateDatabase.m */; };
		0A7F1CE9186127D60017209D /* Contact.m in Sources */ = {isa = PBXBuildFile; fileRef = 0A7F1CE8186127D60017209D /* Contact.m */; };
		0A91DC9B1835D7AB00741349 /* OCCalendarView.m in Sources */ = {isa = PBXBuildFile; fileRef = 0A91DC931835D7AB00741349 /* OCCalendarView.m */; };
		0A91DC9C1835D7AB00741349 /* OCCalendarViewController.m in Sources */ = {isa = PBXBuildFile; fileRef = 0A91DC951835D7AB00741349 /* OCCalendarViewController.m */; };
		0A91DC9D1835D7AB00741349 /* OCDaysView.m in Sources */ = {isa = PBXBuildFile; fileRef = 0A91DC971835D7AB00741349 /* OCDaysView.m */; };
		0A91DC9E1835D7AB00741349 /* OCSelectionView.m in Sources */ = {isa = PBXBuildFile; fileRef = 0A91DC991835D7AB00741349 /* OCSelectionView.m */; };
		0A96E7E2185BE70C00EAB0DC /* iWinEditProfileTest.m in Sources */ = {isa = PBXBuildFile; fileRef = 0A96E7E1185BE70C00EAB0DC /* iWinEditProfileTest.m */; };
		0A96E7E4185BE72700EAB0DC /* iWinViewProfileTest.m in Sources */ = {isa = PBXBuildFile; fileRef = 0A96E7E3185BE72700EAB0DC /* iWinViewProfileTest.m */; };
		0A96E7E7185FAA6200EAB0DC /* iWinProfile.m in Sources */ = {isa = PBXBuildFile; fileRef = 0A96E7E6185FAA6200EAB0DC /* iWinProfile.m */; };
		0A97EDAA184169ED00160B5A /* AudioToolbox.framework in Frameworks */ = {isa = PBXBuildFile; fileRef = 0A97EDA8184169ED00160B5A /* AudioToolbox.framework */; };
		0A97EDAB184169ED00160B5A /* AVFoundation.framework in Frameworks */ = {isa = PBXBuildFile; fileRef = 0A97EDA9184169ED00160B5A /* AVFoundation.framework */; };
		0AAC9E951846FE6F0073260F /* iWinOpenEarsModel.m in Sources */ = {isa = PBXBuildFile; fileRef = 0AAC9E941846FE6F0073260F /* iWinOpenEarsModel.m */; };
		0ACE339A17FCF5F8003B9C0A /* iWinMeetingViewController.m in Sources */ = {isa = PBXBuildFile; fileRef = 0ACE339817FCF5F8003B9C0A /* iWinMeetingViewController.m */; };
		0ACE339B17FCF5F8003B9C0A /* iWinMeetingViewController.xib in Resources */ = {isa = PBXBuildFile; fileRef = 0ACE339917FCF5F8003B9C0A /* iWinMeetingViewController.xib */; };
		0ACE33AF17FD244B003B9C0A /* CFNetwork.framework in Frameworks */ = {isa = PBXBuildFile; fileRef = 0ACE33AE17FD244B003B9C0A /* CFNetwork.framework */; };
		0ACE33B117FD245B003B9C0A /* MobileCoreServices.framework in Frameworks */ = {isa = PBXBuildFile; fileRef = 0ACE33B017FD245B003B9C0A /* MobileCoreServices.framework */; };
		0ACE33B317FD2461003B9C0A /* Security.framework in Frameworks */ = {isa = PBXBuildFile; fileRef = 0ACE33B217FD2461003B9C0A /* Security.framework */; };
		0ACE33B517FD246F003B9C0A /* SystemConfiguration.framework in Frameworks */ = {isa = PBXBuildFile; fileRef = 0ACE33B417FD246F003B9C0A /* SystemConfiguration.framework */; };
		7941FDC218278B4A00AAA92E /* iWinMergeNoteViewController.m in Sources */ = {isa = PBXBuildFile; fileRef = 7941FDC018278B4A00AAA92E /* iWinMergeNoteViewController.m */; };
		7941FDC318278B4A00AAA92E /* iWinMergeNoteViewController.xib in Resources */ = {isa = PBXBuildFile; fileRef = 7941FDC118278B4A00AAA92E /* iWinMergeNoteViewController.xib */; };
		7941FDC81828843500AAA92E /* iWinViewAndChangeSettingsViewController.m in Sources */ = {isa = PBXBuildFile; fileRef = 7941FDC61828843500AAA92E /* iWinViewAndChangeSettingsViewController.m */; };
		7941FDC91828843500AAA92E /* iWinViewAndChangeSettingsViewController.xib in Resources */ = {isa = PBXBuildFile; fileRef = 7941FDC71828843500AAA92E /* iWinViewAndChangeSettingsViewController.xib */; };
		7941FDD5182A0DCE00AAA92E /* iWinViewProfileViewController.m in Sources */ = {isa = PBXBuildFile; fileRef = 7941FDD3182A0DCE00AAA92E /* iWinViewProfileViewController.m */; };
		7941FDD6182A0DCE00AAA92E /* iWinViewProfileViewController.xib in Resources */ = {isa = PBXBuildFile; fileRef = 7941FDD4182A0DCE00AAA92E /* iWinViewProfileViewController.xib */; };
		79D513CA181F9F0D00C79B71 /* iWinViewAndAddNotesViewController.m in Sources */ = {isa = PBXBuildFile; fileRef = 79D513C8181F9F0D00C79B71 /* iWinViewAndAddNotesViewController.m */; };
		79D513CB181F9F0D00C79B71 /* iWinViewAndAddNotesViewController.xib in Resources */ = {isa = PBXBuildFile; fileRef = 79D513C9181F9F0D00C79B71 /* iWinViewAndAddNotesViewController.xib */; };
		79D513D0181F9F9E00C79B71 /* iWinNoteListViewController.m in Sources */ = {isa = PBXBuildFile; fileRef = 79D513CE181F9F9E00C79B71 /* iWinNoteListViewController.m */; };
		79D513D1181F9F9E00C79B71 /* iWinNoteListViewController.xib in Resources */ = {isa = PBXBuildFile; fileRef = 79D513CF181F9F9E00C79B71 /* iWinNoteListViewController.xib */; };
/* End PBXBuildFile section */

/* Begin PBXContainerItemProxy section */
		0A7F1CD4185637310017209D /* PBXContainerItemProxy */ = {
			isa = PBXContainerItemProxy;
			containerPortal = 0A04454E17F3825C000FF2A0 /* Project object */;
			proxyType = 1;
			remoteGlobalIDString = 0A04455517F3825C000FF2A0;
			remoteInfo = MeetingBuilder;
		};
/* End PBXContainerItemProxy section */

/* Begin PBXFileReference section */
		0A04455617F3825C000FF2A0 /* MeetingBuilder.app */ = {isa = PBXFileReference; explicitFileType = wrapper.application; includeInIndex = 0; path = MeetingBuilder.app; sourceTree = BUILT_PRODUCTS_DIR; };
		0A04455917F3825D000FF2A0 /* UIKit.framework */ = {isa = PBXFileReference; lastKnownFileType = wrapper.framework; name = UIKit.framework; path = System/Library/Frameworks/UIKit.framework; sourceTree = SDKROOT; };
		0A04455B17F3825D000FF2A0 /* Foundation.framework */ = {isa = PBXFileReference; lastKnownFileType = wrapper.framework; name = Foundation.framework; path = System/Library/Frameworks/Foundation.framework; sourceTree = SDKROOT; };
		0A04455D17F3825D000FF2A0 /* CoreGraphics.framework */ = {isa = PBXFileReference; lastKnownFileType = wrapper.framework; name = CoreGraphics.framework; path = System/Library/Frameworks/CoreGraphics.framework; sourceTree = SDKROOT; };
		0A04455F17F3825D000FF2A0 /* CoreData.framework */ = {isa = PBXFileReference; lastKnownFileType = wrapper.framework; name = CoreData.framework; path = System/Library/Frameworks/CoreData.framework; sourceTree = SDKROOT; };
		0A04456317F3825D000FF2A0 /* MeetingBuilder-Info.plist */ = {isa = PBXFileReference; lastKnownFileType = text.plist.xml; path = "MeetingBuilder-Info.plist"; sourceTree = "<group>"; };
		0A04456517F3825D000FF2A0 /* en */ = {isa = PBXFileReference; lastKnownFileType = text.plist.strings; name = en; path = en.lproj/InfoPlist.strings; sourceTree = "<group>"; };
		0A04456717F3825D000FF2A0 /* main.m */ = {isa = PBXFileReference; lastKnownFileType = sourcecode.c.objc; path = main.m; sourceTree = "<group>"; };
		0A04456917F3825D000FF2A0 /* MeetingBuilder-Prefix.pch */ = {isa = PBXFileReference; lastKnownFileType = sourcecode.c.h; path = "MeetingBuilder-Prefix.pch"; sourceTree = "<group>"; };
		0A04456A17F3825D000FF2A0 /* iWinAppDelegate.h */ = {isa = PBXFileReference; lastKnownFileType = sourcecode.c.h; path = iWinAppDelegate.h; sourceTree = "<group>"; };
		0A04456B17F3825D000FF2A0 /* iWinAppDelegate.m */ = {isa = PBXFileReference; lastKnownFileType = sourcecode.c.objc; path = iWinAppDelegate.m; sourceTree = "<group>"; };
		0A04456D17F3825D000FF2A0 /* Default.png */ = {isa = PBXFileReference; lastKnownFileType = image.png; path = Default.png; sourceTree = "<group>"; };
		0A04456F17F3825D000FF2A0 /* Default@2x.png */ = {isa = PBXFileReference; lastKnownFileType = image.png; path = "Default@2x.png"; sourceTree = "<group>"; };
		0A04457117F3825D000FF2A0 /* Default-568h@2x.png */ = {isa = PBXFileReference; lastKnownFileType = image.png; path = "Default-568h@2x.png"; sourceTree = "<group>"; };
		0A04457417F3825D000FF2A0 /* MeetingBuilder.xcdatamodel */ = {isa = PBXFileReference; lastKnownFileType = wrapper.xcdatamodel; path = MeetingBuilder.xcdatamodel; sourceTree = "<group>"; };
		0A1A727A1819E1F5009A49E5 /* iWinHomeScreenViewController.h */ = {isa = PBXFileReference; fileEncoding = 4; lastKnownFileType = sourcecode.c.h; path = iWinHomeScreenViewController.h; sourceTree = "<group>"; };
		0A1A727B1819E1F5009A49E5 /* iWinHomeScreenViewController.m */ = {isa = PBXFileReference; fileEncoding = 4; lastKnownFileType = sourcecode.c.objc; path = iWinHomeScreenViewController.m; sourceTree = "<group>"; };
		0A1A727C1819E1F5009A49E5 /* iWinHomeScreenViewController.xib */ = {isa = PBXFileReference; fileEncoding = 4; lastKnownFileType = file.xib; path = iWinHomeScreenViewController.xib; sourceTree = "<group>"; };
		0A1A72871819F590009A49E5 /* iWinScheduleViewMeetingViewController.h */ = {isa = PBXFileReference; fileEncoding = 4; lastKnownFileType = sourcecode.c.h; path = iWinScheduleViewMeetingViewController.h; sourceTree = "<group>"; };
		0A1A72881819F590009A49E5 /* iWinScheduleViewMeetingViewController.m */ = {isa = PBXFileReference; fileEncoding = 4; lastKnownFileType = sourcecode.c.objc; path = iWinScheduleViewMeetingViewController.m; sourceTree = "<group>"; };
		0A1A72891819F590009A49E5 /* iWinScheduleViewMeetingViewController.xib */ = {isa = PBXFileReference; fileEncoding = 4; lastKnownFileType = file.xib; path = iWinScheduleViewMeetingViewController.xib; sourceTree = "<group>"; };
		0A1A728D1819FE48009A49E5 /* iWinViewAndAddViewController.h */ = {isa = PBXFileReference; fileEncoding = 4; lastKnownFileType = sourcecode.c.h; path = iWinViewAndAddViewController.h; sourceTree = "<group>"; };
		0A1A728E1819FE48009A49E5 /* iWinViewAndAddViewController.m */ = {isa = PBXFileReference; fileEncoding = 4; lastKnownFileType = sourcecode.c.objc; path = iWinViewAndAddViewController.m; sourceTree = "<group>"; };
		0A1A728F1819FE48009A49E5 /* iWinViewAndAddViewController.xib */ = {isa = PBXFileReference; fileEncoding = 4; lastKnownFileType = file.xib; path = iWinViewAndAddViewController.xib; sourceTree = "<group>"; };
		0A1A7293181A1802009A49E5 /* iWinAgendaItemViewController.h */ = {isa = PBXFileReference; fileEncoding = 4; lastKnownFileType = sourcecode.c.h; path = iWinAgendaItemViewController.h; sourceTree = "<group>"; };
		0A1A7294181A1802009A49E5 /* iWinAgendaItemViewController.m */ = {isa = PBXFileReference; fileEncoding = 4; lastKnownFileType = sourcecode.c.objc; path = iWinAgendaItemViewController.m; sourceTree = "<group>"; };
		0A1A7295181A1802009A49E5 /* iWinAgendaItemViewController.xib */ = {isa = PBXFileReference; fileEncoding = 4; lastKnownFileType = file.xib; path = iWinAgendaItemViewController.xib; sourceTree = "<group>"; };
		0A1A729B181A22AB009A49E5 /* iWinTaskListViewController.h */ = {isa = PBXFileReference; fileEncoding = 4; lastKnownFileType = sourcecode.c.h; path = iWinTaskListViewController.h; sourceTree = "<group>"; };
		0A1A729C181A22AB009A49E5 /* iWinTaskListViewController.m */ = {isa = PBXFileReference; fileEncoding = 4; lastKnownFileType = sourcecode.c.objc; path = iWinTaskListViewController.m; sourceTree = "<group>"; };
		0A1A729D181A22AB009A49E5 /* iWinTaskListViewController.xib */ = {isa = PBXFileReference; fileEncoding = 4; lastKnownFileType = file.xib; path = iWinTaskListViewController.xib; sourceTree = "<group>"; };
		0A1A72A0181A2663009A49E5 /* iWinAddAndViewTaskViewController.h */ = {isa = PBXFileReference; fileEncoding = 4; lastKnownFileType = sourcecode.c.h; path = iWinAddAndViewTaskViewController.h; sourceTree = "<group>"; };
		0A1A72A1181A2663009A49E5 /* iWinAddAndViewTaskViewController.m */ = {isa = PBXFileReference; fileEncoding = 4; lastKnownFileType = sourcecode.c.objc; path = iWinAddAndViewTaskViewController.m; sourceTree = "<group>"; };
		0A1A72A2181A2663009A49E5 /* iWinAddAndViewTaskViewController.xib */ = {isa = PBXFileReference; fileEncoding = 4; lastKnownFileType = file.xib; path = iWinAddAndViewTaskViewController.xib; sourceTree = "<group>"; };
		0A1A72A5181A2C5E009A49E5 /* iWinAddUsersViewController.h */ = {isa = PBXFileReference; fileEncoding = 4; lastKnownFileType = sourcecode.c.h; path = iWinAddUsersViewController.h; sourceTree = "<group>"; };
		0A1A72A6181A2C5E009A49E5 /* iWinAddUsersViewController.m */ = {isa = PBXFileReference; fileEncoding = 4; lastKnownFileType = sourcecode.c.objc; path = iWinAddUsersViewController.m; sourceTree = "<group>"; };
		0A1A72A7181A2C5E009A49E5 /* iWinAddUsersViewController.xib */ = {isa = PBXFileReference; fileEncoding = 4; lastKnownFileType = file.xib; path = iWinAddUsersViewController.xib; sourceTree = "<group>"; };
		0A7E515817FBEA9700A4B8B7 /* iWinMainViewController.h */ = {isa = PBXFileReference; fileEncoding = 4; lastKnownFileType = sourcecode.c.h; path = iWinMainViewController.h; sourceTree = "<group>"; };
		0A7E515917FBEA9700A4B8B7 /* iWinMainViewController.m */ = {isa = PBXFileReference; fileEncoding = 4; lastKnownFileType = sourcecode.c.objc; path = iWinMainViewController.m; sourceTree = "<group>"; };
		0A7E515A17FBEA9700A4B8B7 /* iWinMainViewController.xib */ = {isa = PBXFileReference; fileEncoding = 4; lastKnownFileType = file.xib; path = iWinMainViewController.xib; sourceTree = "<group>"; };
		0A7E515D17FBEB9200A4B8B7 /* iWinLoginViewController.h */ = {isa = PBXFileReference; fileEncoding = 4; lastKnownFileType = sourcecode.c.h; path = iWinLoginViewController.h; sourceTree = "<group>"; };
		0A7E515E17FBEB9200A4B8B7 /* iWinLoginViewController.m */ = {isa = PBXFileReference; fileEncoding = 4; lastKnownFileType = sourcecode.c.objc; path = iWinLoginViewController.m; sourceTree = "<group>"; };
		0A7E515F17FBEB9200A4B8B7 /* iWinLoginViewController.xib */ = {isa = PBXFileReference; fileEncoding = 4; lastKnownFileType = file.xib; path = iWinLoginViewController.xib; sourceTree = "<group>"; };
		0A7E516217FBEBA200A4B8B7 /* iWinRegisterViewController.h */ = {isa = PBXFileReference; fileEncoding = 4; lastKnownFileType = sourcecode.c.h; path = iWinRegisterViewController.h; sourceTree = "<group>"; };
		0A7E516317FBEBA200A4B8B7 /* iWinRegisterViewController.m */ = {isa = PBXFileReference; fileEncoding = 4; lastKnownFileType = sourcecode.c.objc; path = iWinRegisterViewController.m; sourceTree = "<group>"; };
		0A7E516417FBEBA200A4B8B7 /* iWinRegisterViewController.xib */ = {isa = PBXFileReference; fileEncoding = 4; lastKnownFileType = file.xib; path = iWinRegisterViewController.xib; sourceTree = "<group>"; };
		0A7F1CBA184FE0D60017209D /* AcousticModelEnglish.bundle */ = {isa = PBXFileReference; lastKnownFileType = "wrapper.plug-in"; path = AcousticModelEnglish.bundle; sourceTree = "<group>"; };
		0A7F1CBB184FE0D60017209D /* AcousticModelSpanish.bundle */ = {isa = PBXFileReference; lastKnownFileType = "wrapper.plug-in"; path = AcousticModelSpanish.bundle; sourceTree = "<group>"; };
		0A7F1CBC184FE0D60017209D /* OpenEars.framework */ = {isa = PBXFileReference; lastKnownFileType = wrapper.framework; path = OpenEars.framework; sourceTree = "<group>"; };
		0A7F1CBD184FE0D60017209D /* Slt.framework */ = {isa = PBXFileReference; lastKnownFileType = wrapper.framework; path = Slt.framework; sourceTree = "<group>"; };
		0A7F1CC6185637310017209D /* MeetingBuilder Tests.xctest */ = {isa = PBXFileReference; explicitFileType = wrapper.cfbundle; includeInIndex = 0; path = "MeetingBuilder Tests.xctest"; sourceTree = BUILT_PRODUCTS_DIR; };
		0A7F1CC7185637310017209D /* XCTest.framework */ = {isa = PBXFileReference; lastKnownFileType = wrapper.framework; name = XCTest.framework; path = Library/Frameworks/XCTest.framework; sourceTree = DEVELOPER_DIR; };
		0A7F1CCD185637310017209D /* MeetingBuilder Tests-Info.plist */ = {isa = PBXFileReference; lastKnownFileType = text.plist.xml; path = "MeetingBuilder Tests-Info.plist"; sourceTree = "<group>"; };
		0A7F1CCF185637310017209D /* en */ = {isa = PBXFileReference; lastKnownFileType = text.plist.strings; name = en; path = en.lproj/InfoPlist.strings; sourceTree = "<group>"; };
		0A7F1CD1185637310017209D /* MeetingBuilder_Tests.m */ = {isa = PBXFileReference; lastKnownFileType = sourcecode.c.objc; path = MeetingBuilder_Tests.m; sourceTree = "<group>"; };
		0A7F1CD3185637310017209D /* MeetingBuilder Tests-Prefix.pch */ = {isa = PBXFileReference; lastKnownFileType = sourcecode.c.h; path = "MeetingBuilder Tests-Prefix.pch"; sourceTree = "<group>"; };
		0A7F1CDA1858FD820017209D /* iWinAddUserTest.m */ = {isa = PBXFileReference; fileEncoding = 4; lastKnownFileType = sourcecode.c.objc; path = iWinAddUserTest.m; sourceTree = "<group>"; };
		0A7F1CDD185908790017209D /* iWinContact.h */ = {isa = PBXFileReference; fileEncoding = 4; lastKnownFileType = sourcecode.c.h; path = iWinContact.h; sourceTree = "<group>"; };
		0A7F1CDE185908790017209D /* iWinContact.m */ = {isa = PBXFileReference; fileEncoding = 4; lastKnownFileType = sourcecode.c.objc; path = iWinContact.m; sourceTree = "<group>"; };
		0A7F1CE018611FB10017209D /* iWinPopulateDatabase.h */ = {isa = PBXFileReference; fileEncoding = 4; lastKnownFileType = sourcecode.c.h; path = iWinPopulateDatabase.h; sourceTree = "<group>"; };
		0A7F1CE118611FB10017209D /* iWinPopulateDatabase.m */ = {isa = PBXFileReference; fileEncoding = 4; lastKnownFileType = sourcecode.c.objc; path = iWinPopulateDatabase.m; sourceTree = "<group>"; };
		0A7F1CE3186124380017209D /* MeetingBuilder 2.xcdatamodel */ = {isa = PBXFileReference; lastKnownFileType = file; path = "MeetingBuilder 2.xcdatamodel"; sourceTree = "<group>"; };
		0A7F1CE7186127D60017209D /* Contact.h */ = {isa = PBXFileReference; fileEncoding = 4; lastKnownFileType = sourcecode.c.h; path = Contact.h; sourceTree = "<group>"; };
		0A7F1CE8186127D60017209D /* Contact.m */ = {isa = PBXFileReference; fileEncoding = 4; lastKnownFileType = sourcecode.c.objc; path = Contact.m; sourceTree = "<group>"; };
		0A91DC921835D7AB00741349 /* OCCalendarView.h */ = {isa = PBXFileReference; fileEncoding = 4; lastKnownFileType = sourcecode.c.h; path = OCCalendarView.h; sourceTree = "<group>"; };
		0A91DC931835D7AB00741349 /* OCCalendarView.m */ = {isa = PBXFileReference; fileEncoding = 4; lastKnownFileType = sourcecode.c.objc; path = OCCalendarView.m; sourceTree = "<group>"; };
		0A91DC941835D7AB00741349 /* OCCalendarViewController.h */ = {isa = PBXFileReference; fileEncoding = 4; lastKnownFileType = sourcecode.c.h; path = OCCalendarViewController.h; sourceTree = "<group>"; };
		0A91DC951835D7AB00741349 /* OCCalendarViewController.m */ = {isa = PBXFileReference; fileEncoding = 4; lastKnownFileType = sourcecode.c.objc; path = OCCalendarViewController.m; sourceTree = "<group>"; };
		0A91DC961835D7AB00741349 /* OCDaysView.h */ = {isa = PBXFileReference; fileEncoding = 4; lastKnownFileType = sourcecode.c.h; path = OCDaysView.h; sourceTree = "<group>"; };
		0A91DC971835D7AB00741349 /* OCDaysView.m */ = {isa = PBXFileReference; fileEncoding = 4; lastKnownFileType = sourcecode.c.objc; path = OCDaysView.m; sourceTree = "<group>"; };
		0A91DC981835D7AB00741349 /* OCSelectionView.h */ = {isa = PBXFileReference; fileEncoding = 4; lastKnownFileType = sourcecode.c.h; path = OCSelectionView.h; sourceTree = "<group>"; };
		0A91DC991835D7AB00741349 /* OCSelectionView.m */ = {isa = PBXFileReference; fileEncoding = 4; lastKnownFileType = sourcecode.c.objc; path = OCSelectionView.m; sourceTree = "<group>"; };
		0A91DC9A1835D7AB00741349 /* OCTypes.h */ = {isa = PBXFileReference; fileEncoding = 4; lastKnownFileType = sourcecode.c.h; path = OCTypes.h; sourceTree = "<group>"; };
		0A96E7E1185BE70C00EAB0DC /* iWinEditProfileTest.m */ = {isa = PBXFileReference; fileEncoding = 4; lastKnownFileType = sourcecode.c.objc; path = iWinEditProfileTest.m; sourceTree = "<group>"; };
		0A96E7E3185BE72700EAB0DC /* iWinViewProfileTest.m */ = {isa = PBXFileReference; fileEncoding = 4; lastKnownFileType = sourcecode.c.objc; path = iWinViewProfileTest.m; sourceTree = "<group>"; };
		0A96E7E5185FAA6200EAB0DC /* iWinProfile.h */ = {isa = PBXFileReference; fileEncoding = 4; lastKnownFileType = sourcecode.c.h; path = iWinProfile.h; sourceTree = "<group>"; };
		0A96E7E6185FAA6200EAB0DC /* iWinProfile.m */ = {isa = PBXFileReference; fileEncoding = 4; lastKnownFileType = sourcecode.c.objc; path = iWinProfile.m; sourceTree = "<group>"; };
		0A97EDA8184169ED00160B5A /* AudioToolbox.framework */ = {isa = PBXFileReference; lastKnownFileType = wrapper.framework; name = AudioToolbox.framework; path = System/Library/Frameworks/AudioToolbox.framework; sourceTree = SDKROOT; };
		0A97EDA9184169ED00160B5A /* AVFoundation.framework */ = {isa = PBXFileReference; lastKnownFileType = wrapper.framework; name = AVFoundation.framework; path = System/Library/Frameworks/AVFoundation.framework; sourceTree = SDKROOT; };
		0AAC9E931846FE6F0073260F /* iWinOpenEarsModel.h */ = {isa = PBXFileReference; fileEncoding = 4; lastKnownFileType = sourcecode.c.h; path = iWinOpenEarsModel.h; sourceTree = "<group>"; };
		0AAC9E941846FE6F0073260F /* iWinOpenEarsModel.m */ = {isa = PBXFileReference; fileEncoding = 4; lastKnownFileType = sourcecode.c.objc; path = iWinOpenEarsModel.m; sourceTree = "<group>"; };
		0ACE339717FCF5F8003B9C0A /* iWinMeetingViewController.h */ = {isa = PBXFileReference; fileEncoding = 4; lastKnownFileType = sourcecode.c.h; path = iWinMeetingViewController.h; sourceTree = "<group>"; };
		0ACE339817FCF5F8003B9C0A /* iWinMeetingViewController.m */ = {isa = PBXFileReference; fileEncoding = 4; lastKnownFileType = sourcecode.c.objc; path = iWinMeetingViewController.m; sourceTree = "<group>"; };
		0ACE339917FCF5F8003B9C0A /* iWinMeetingViewController.xib */ = {isa = PBXFileReference; fileEncoding = 4; lastKnownFileType = file.xib; path = iWinMeetingViewController.xib; sourceTree = "<group>"; };
		0ACE33AE17FD244B003B9C0A /* CFNetwork.framework */ = {isa = PBXFileReference; lastKnownFileType = wrapper.framework; name = CFNetwork.framework; path = System/Library/Frameworks/CFNetwork.framework; sourceTree = SDKROOT; };
		0ACE33B017FD245B003B9C0A /* MobileCoreServices.framework */ = {isa = PBXFileReference; lastKnownFileType = wrapper.framework; name = MobileCoreServices.framework; path = System/Library/Frameworks/MobileCoreServices.framework; sourceTree = SDKROOT; };
		0ACE33B217FD2461003B9C0A /* Security.framework */ = {isa = PBXFileReference; lastKnownFileType = wrapper.framework; name = Security.framework; path = System/Library/Frameworks/Security.framework; sourceTree = SDKROOT; };
		0ACE33B417FD246F003B9C0A /* SystemConfiguration.framework */ = {isa = PBXFileReference; lastKnownFileType = wrapper.framework; name = SystemConfiguration.framework; path = System/Library/Frameworks/SystemConfiguration.framework; sourceTree = SDKROOT; };
		73CB9D928C6D483CAEB8FAAA /* libPods.a */ = {isa = PBXFileReference; explicitFileType = archive.ar; includeInIndex = 0; path = libPods.a; sourceTree = BUILT_PRODUCTS_DIR; };
		7941FDBF18278B4A00AAA92E /* iWinMergeNoteViewController.h */ = {isa = PBXFileReference; fileEncoding = 4; lastKnownFileType = sourcecode.c.h; path = iWinMergeNoteViewController.h; sourceTree = "<group>"; };
		7941FDC018278B4A00AAA92E /* iWinMergeNoteViewController.m */ = {isa = PBXFileReference; fileEncoding = 4; lastKnownFileType = sourcecode.c.objc; path = iWinMergeNoteViewController.m; sourceTree = "<group>"; };
		7941FDC118278B4A00AAA92E /* iWinMergeNoteViewController.xib */ = {isa = PBXFileReference; fileEncoding = 4; lastKnownFileType = file.xib; path = iWinMergeNoteViewController.xib; sourceTree = "<group>"; };
		7941FDC51828843500AAA92E /* iWinViewAndChangeSettingsViewController.h */ = {isa = PBXFileReference; fileEncoding = 4; lastKnownFileType = sourcecode.c.h; path = iWinViewAndChangeSettingsViewController.h; sourceTree = "<group>"; };
		7941FDC61828843500AAA92E /* iWinViewAndChangeSettingsViewController.m */ = {isa = PBXFileReference; fileEncoding = 4; lastKnownFileType = sourcecode.c.objc; path = iWinViewAndChangeSettingsViewController.m; sourceTree = "<group>"; };
		7941FDC71828843500AAA92E /* iWinViewAndChangeSettingsViewController.xib */ = {isa = PBXFileReference; fileEncoding = 4; lastKnownFileType = file.xib; path = iWinViewAndChangeSettingsViewController.xib; sourceTree = "<group>"; };
		7941FDD2182A0DCE00AAA92E /* iWinViewProfileViewController.h */ = {isa = PBXFileReference; fileEncoding = 4; lastKnownFileType = sourcecode.c.h; path = iWinViewProfileViewController.h; sourceTree = "<group>"; };
		7941FDD3182A0DCE00AAA92E /* iWinViewProfileViewController.m */ = {isa = PBXFileReference; fileEncoding = 4; lastKnownFileType = sourcecode.c.objc; path = iWinViewProfileViewController.m; sourceTree = "<group>"; };
		7941FDD4182A0DCE00AAA92E /* iWinViewProfileViewController.xib */ = {isa = PBXFileReference; fileEncoding = 4; lastKnownFileType = file.xib; path = iWinViewProfileViewController.xib; sourceTree = "<group>"; };
		79D513C7181F9F0D00C79B71 /* iWinViewAndAddNotesViewController.h */ = {isa = PBXFileReference; fileEncoding = 4; lastKnownFileType = sourcecode.c.h; path = iWinViewAndAddNotesViewController.h; sourceTree = "<group>"; };
		79D513C8181F9F0D00C79B71 /* iWinViewAndAddNotesViewController.m */ = {isa = PBXFileReference; fileEncoding = 4; lastKnownFileType = sourcecode.c.objc; path = iWinViewAndAddNotesViewController.m; sourceTree = "<group>"; };
		79D513C9181F9F0D00C79B71 /* iWinViewAndAddNotesViewController.xib */ = {isa = PBXFileReference; fileEncoding = 4; lastKnownFileType = file.xib; path = iWinViewAndAddNotesViewController.xib; sourceTree = "<group>"; };
		79D513CD181F9F9E00C79B71 /* iWinNoteListViewController.h */ = {isa = PBXFileReference; fileEncoding = 4; lastKnownFileType = sourcecode.c.h; path = iWinNoteListViewController.h; sourceTree = "<group>"; };
		79D513CE181F9F9E00C79B71 /* iWinNoteListViewController.m */ = {isa = PBXFileReference; fileEncoding = 4; lastKnownFileType = sourcecode.c.objc; path = iWinNoteListViewController.m; sourceTree = "<group>"; };
		79D513CF181F9F9E00C79B71 /* iWinNoteListViewController.xib */ = {isa = PBXFileReference; fileEncoding = 4; lastKnownFileType = file.xib; path = iWinNoteListViewController.xib; sourceTree = "<group>"; };
/* End PBXFileReference section */

/* Begin PBXFrameworksBuildPhase section */
		0A04455317F3825C000FF2A0 /* Frameworks */ = {
			isa = PBXFrameworksBuildPhase;
			buildActionMask = 2147483647;
			files = (
				0A7F1CC1184FE0D60017209D /* Slt.framework in Frameworks */,
				0A97EDAA184169ED00160B5A /* AudioToolbox.framework in Frameworks */,
				0A97EDAB184169ED00160B5A /* AVFoundation.framework in Frameworks */,
				0ACE33B517FD246F003B9C0A /* SystemConfiguration.framework in Frameworks */,
				0ACE33B317FD2461003B9C0A /* Security.framework in Frameworks */,
				0ACE33B117FD245B003B9C0A /* MobileCoreServices.framework in Frameworks */,
				0ACE33AF17FD244B003B9C0A /* CFNetwork.framework in Frameworks */,
				0A04455A17F3825D000FF2A0 /* UIKit.framework in Frameworks */,
				0A04455C17F3825D000FF2A0 /* Foundation.framework in Frameworks */,
				0A7F1CC0184FE0D60017209D /* OpenEars.framework in Frameworks */,
				0A04455E17F3825D000FF2A0 /* CoreGraphics.framework in Frameworks */,
				0A04456017F3825D000FF2A0 /* CoreData.framework in Frameworks */,
			);
			runOnlyForDeploymentPostprocessing = 0;
		};
		0A7F1CC3185637310017209D /* Frameworks */ = {
			isa = PBXFrameworksBuildPhase;
			buildActionMask = 2147483647;
			files = (
				0A7F1CC8185637310017209D /* XCTest.framework in Frameworks */,
				0A7F1CCA185637310017209D /* UIKit.framework in Frameworks */,
				0A7F1CC9185637310017209D /* Foundation.framework in Frameworks */,
			);
			runOnlyForDeploymentPostprocessing = 0;
		};
/* End PBXFrameworksBuildPhase section */

/* Begin PBXGroup section */
		0A04454D17F3825C000FF2A0 = {
			isa = PBXGroup;
			children = (
				0A7F1CB9184FE0D60017209D /* Framework */,
				0A04456117F3825D000FF2A0 /* MeetingBuilder */,
				0A7F1CCB185637310017209D /* MeetingBuilder Tests */,
				0A04455817F3825C000FF2A0 /* Frameworks */,
				0A04455717F3825C000FF2A0 /* Products */,
			);
			sourceTree = "<group>";
		};
		0A04455717F3825C000FF2A0 /* Products */ = {
			isa = PBXGroup;
			children = (
				0A04455617F3825C000FF2A0 /* MeetingBuilder.app */,
				0A7F1CC6185637310017209D /* MeetingBuilder Tests.xctest */,
			);
			name = Products;
			sourceTree = "<group>";
		};
		0A04455817F3825C000FF2A0 /* Frameworks */ = {
			isa = PBXGroup;
			children = (
				0A97EDA8184169ED00160B5A /* AudioToolbox.framework */,
				0A97EDA9184169ED00160B5A /* AVFoundation.framework */,
				0ACE33B417FD246F003B9C0A /* SystemConfiguration.framework */,
				0ACE33B217FD2461003B9C0A /* Security.framework */,
				0ACE33B017FD245B003B9C0A /* MobileCoreServices.framework */,
				0ACE33AE17FD244B003B9C0A /* CFNetwork.framework */,
				0A04455917F3825D000FF2A0 /* UIKit.framework */,
				0A04455B17F3825D000FF2A0 /* Foundation.framework */,
				0A04455D17F3825D000FF2A0 /* CoreGraphics.framework */,
				0A04455F17F3825D000FF2A0 /* CoreData.framework */,
				73CB9D928C6D483CAEB8FAAA /* libPods.a */,
				0A7F1CC7185637310017209D /* XCTest.framework */,
			);
			name = Frameworks;
			sourceTree = "<group>";
		};
		0A04456117F3825D000FF2A0 /* MeetingBuilder */ = {
			isa = PBXGroup;
			children = (
				0A7F1CDC185908550017209D /* Data Model */,
				0AAC9E921846FE2B0073260F /* OpenEars */,
				0A91DC911835D7AB00741349 /* OCCalendar */,
				7941FDD0182A0D8E00AAA92E /* ViewProfile */,
				7941FDC41828834A00AAA92E /* ViewAndChangeSettings */,
				7941FDB618278A7800AAA92E /* MergeNote */,
				79D513CC181F9F8700C79B71 /* NoteList */,
				79D513C1181F9CC800C79B71 /* ViewAndAddNotes */,
				0A1A729A181A2297009A49E5 /* AddAttendees */,
				0A1A7299181A2210009A49E5 /* AddAndViewTask */,
				0A1A7298181A2202009A49E5 /* TaskList */,
				0A1A7292181A17EC009A49E5 /* AgendaItem */,
				0A1A728C1819FE30009A49E5 /* ViewAndAddAgenda */,
				0A1A72861819F571009A49E5 /* ViewAndScheduleMeeting */,
				0A1A72851819EC7E009A49E5 /* MeetingList */,
				0A1A72791819E1AD009A49E5 /* AppDelegate */,
				0A1A72781819E192009A49E5 /* JoinUs */,
				0A1A72771819E178009A49E5 /* MainController */,
				0A1A72761819E150009A49E5 /* Login */,
				0A1A72721819E143009A49E5 /* HomeScreen */,
				0A04457317F3825D000FF2A0 /* MeetingBuilder.xcdatamodeld */,
				0A04456217F3825D000FF2A0 /* Supporting Files */,
			);
			path = MeetingBuilder;
			sourceTree = "<group>";
		};
		0A04456217F3825D000FF2A0 /* Supporting Files */ = {
			isa = PBXGroup;
			children = (
				0A04456317F3825D000FF2A0 /* MeetingBuilder-Info.plist */,
				0A04456417F3825D000FF2A0 /* InfoPlist.strings */,
				0A04456717F3825D000FF2A0 /* main.m */,
				0A04456917F3825D000FF2A0 /* MeetingBuilder-Prefix.pch */,
				0A04456D17F3825D000FF2A0 /* Default.png */,
				0A04456F17F3825D000FF2A0 /* Default@2x.png */,
				0A04457117F3825D000FF2A0 /* Default-568h@2x.png */,
			);
			name = "Supporting Files";
			sourceTree = "<group>";
		};
		0A1A72721819E143009A49E5 /* HomeScreen */ = {
			isa = PBXGroup;
			children = (
				0A1A727A1819E1F5009A49E5 /* iWinHomeScreenViewController.h */,
				0A1A727B1819E1F5009A49E5 /* iWinHomeScreenViewController.m */,
				0A1A727C1819E1F5009A49E5 /* iWinHomeScreenViewController.xib */,
			);
			name = HomeScreen;
			sourceTree = "<group>";
		};
		0A1A72761819E150009A49E5 /* Login */ = {
			isa = PBXGroup;
			children = (
				0A7E515D17FBEB9200A4B8B7 /* iWinLoginViewController.h */,
				0A7E515E17FBEB9200A4B8B7 /* iWinLoginViewController.m */,
				0A7E515F17FBEB9200A4B8B7 /* iWinLoginViewController.xib */,
			);
			name = Login;
			sourceTree = "<group>";
		};
		0A1A72771819E178009A49E5 /* MainController */ = {
			isa = PBXGroup;
			children = (
				0A7E515817FBEA9700A4B8B7 /* iWinMainViewController.h */,
				0A7E515917FBEA9700A4B8B7 /* iWinMainViewController.m */,
				0A7E515A17FBEA9700A4B8B7 /* iWinMainViewController.xib */,
			);
			name = MainController;
			sourceTree = "<group>";
		};
		0A1A72781819E192009A49E5 /* JoinUs */ = {
			isa = PBXGroup;
			children = (
				0A7E516217FBEBA200A4B8B7 /* iWinRegisterViewController.h */,
				0A7E516317FBEBA200A4B8B7 /* iWinRegisterViewController.m */,
				0A7E516417FBEBA200A4B8B7 /* iWinRegisterViewController.xib */,
			);
			name = JoinUs;
			sourceTree = "<group>";
		};
		0A1A72791819E1AD009A49E5 /* AppDelegate */ = {
			isa = PBXGroup;
			children = (
				0A04456A17F3825D000FF2A0 /* iWinAppDelegate.h */,
				0A04456B17F3825D000FF2A0 /* iWinAppDelegate.m */,
			);
			name = AppDelegate;
			sourceTree = "<group>";
		};
		0A1A72851819EC7E009A49E5 /* MeetingList */ = {
			isa = PBXGroup;
			children = (
				0ACE339717FCF5F8003B9C0A /* iWinMeetingViewController.h */,
				0ACE339817FCF5F8003B9C0A /* iWinMeetingViewController.m */,
				0ACE339917FCF5F8003B9C0A /* iWinMeetingViewController.xib */,
			);
			name = MeetingList;
			sourceTree = "<group>";
		};
		0A1A72861819F571009A49E5 /* ViewAndScheduleMeeting */ = {
			isa = PBXGroup;
			children = (
				0A1A72871819F590009A49E5 /* iWinScheduleViewMeetingViewController.h */,
				0A1A72881819F590009A49E5 /* iWinScheduleViewMeetingViewController.m */,
				0A1A72891819F590009A49E5 /* iWinScheduleViewMeetingViewController.xib */,
			);
			name = ViewAndScheduleMeeting;
			sourceTree = "<group>";
		};
		0A1A728C1819FE30009A49E5 /* ViewAndAddAgenda */ = {
			isa = PBXGroup;
			children = (
				0A1A728D1819FE48009A49E5 /* iWinViewAndAddViewController.h */,
				0A1A728E1819FE48009A49E5 /* iWinViewAndAddViewController.m */,
				0A1A728F1819FE48009A49E5 /* iWinViewAndAddViewController.xib */,
			);
			name = ViewAndAddAgenda;
			sourceTree = "<group>";
		};
		0A1A7292181A17EC009A49E5 /* AgendaItem */ = {
			isa = PBXGroup;
			children = (
				0A1A7293181A1802009A49E5 /* iWinAgendaItemViewController.h */,
				0A1A7294181A1802009A49E5 /* iWinAgendaItemViewController.m */,
				0A1A7295181A1802009A49E5 /* iWinAgendaItemViewController.xib */,
			);
			name = AgendaItem;
			sourceTree = "<group>";
		};
		0A1A7298181A2202009A49E5 /* TaskList */ = {
			isa = PBXGroup;
			children = (
				0A1A729B181A22AB009A49E5 /* iWinTaskListViewController.h */,
				0A1A729C181A22AB009A49E5 /* iWinTaskListViewController.m */,
				0A1A729D181A22AB009A49E5 /* iWinTaskListViewController.xib */,
			);
			name = TaskList;
			sourceTree = "<group>";
		};
		0A1A7299181A2210009A49E5 /* AddAndViewTask */ = {
			isa = PBXGroup;
			children = (
				0A1A72A0181A2663009A49E5 /* iWinAddAndViewTaskViewController.h */,
				0A1A72A1181A2663009A49E5 /* iWinAddAndViewTaskViewController.m */,
				0A1A72A2181A2663009A49E5 /* iWinAddAndViewTaskViewController.xib */,
			);
			name = AddAndViewTask;
			sourceTree = "<group>";
		};
		0A1A729A181A2297009A49E5 /* AddAttendees */ = {
			isa = PBXGroup;
			children = (
				0A1A72A5181A2C5E009A49E5 /* iWinAddUsersViewController.h */,
				0A1A72A6181A2C5E009A49E5 /* iWinAddUsersViewController.m */,
				0A1A72A7181A2C5E009A49E5 /* iWinAddUsersViewController.xib */,
			);
			name = AddAttendees;
			sourceTree = "<group>";
		};
		0A7F1CB9184FE0D60017209D /* Framework */ = {
			isa = PBXGroup;
			children = (
				0A7F1CBA184FE0D60017209D /* AcousticModelEnglish.bundle */,
				0A7F1CBB184FE0D60017209D /* AcousticModelSpanish.bundle */,
				0A7F1CBC184FE0D60017209D /* OpenEars.framework */,
				0A7F1CBD184FE0D60017209D /* Slt.framework */,
			);
			name = Framework;
			path = MeetingBuilder/Framework;
			sourceTree = "<group>";
		};
		0A7F1CCB185637310017209D /* MeetingBuilder Tests */ = {
			isa = PBXGroup;
			children = (
				0A96E7E0185BE6CF00EAB0DC /* EditProfileTest */,
				0A96E7DF185BE6A600EAB0DC /* ViewProfileTest */,
				0A7F1CD91858FCFA0017209D /* AddUsersTest */,
				0A7F1CD1185637310017209D /* MeetingBuilder_Tests.m */,
				0A7F1CCC185637310017209D /* Supporting Files */,
			);
			path = "MeetingBuilder Tests";
			sourceTree = "<group>";
		};
		0A7F1CCC185637310017209D /* Supporting Files */ = {
			isa = PBXGroup;
			children = (
				0A7F1CCD185637310017209D /* MeetingBuilder Tests-Info.plist */,
				0A7F1CCE185637310017209D /* InfoPlist.strings */,
				0A7F1CD3185637310017209D /* MeetingBuilder Tests-Prefix.pch */,
			);
			name = "Supporting Files";
			sourceTree = "<group>";
		};
		0A7F1CD91858FCFA0017209D /* AddUsersTest */ = {
			isa = PBXGroup;
			children = (
				0A7F1CDA1858FD820017209D /* iWinAddUserTest.m */,
			);
			name = AddUsersTest;
			sourceTree = "<group>";
		};
		0A7F1CDC185908550017209D /* Data Model */ = {
			isa = PBXGroup;
			children = (
				0A7F1CE7186127D60017209D /* Contact.h */,
				0A7F1CE8186127D60017209D /* Contact.m */,
				0A7F1CDD185908790017209D /* iWinContact.h */,
				0A7F1CDE185908790017209D /* iWinContact.m */,
				0A96E7E5185FAA6200EAB0DC /* iWinProfile.h */,
				0A96E7E6185FAA6200EAB0DC /* iWinProfile.m */,
				0A7F1CE018611FB10017209D /* iWinPopulateDatabase.h */,
				0A7F1CE118611FB10017209D /* iWinPopulateDatabase.m */,
			);
			name = "Data Model";
			sourceTree = "<group>";
		};
		0A91DC911835D7AB00741349 /* OCCalendar */ = {
			isa = PBXGroup;
			children = (
				0A91DC921835D7AB00741349 /* OCCalendarView.h */,
				0A91DC931835D7AB00741349 /* OCCalendarView.m */,
				0A91DC941835D7AB00741349 /* OCCalendarViewController.h */,
				0A91DC951835D7AB00741349 /* OCCalendarViewController.m */,
				0A91DC961835D7AB00741349 /* OCDaysView.h */,
				0A91DC971835D7AB00741349 /* OCDaysView.m */,
				0A91DC981835D7AB00741349 /* OCSelectionView.h */,
				0A91DC991835D7AB00741349 /* OCSelectionView.m */,
				0A91DC9A1835D7AB00741349 /* OCTypes.h */,
			);
			path = OCCalendar;
			sourceTree = "<group>";
		};
		0A96E7DF185BE6A600EAB0DC /* ViewProfileTest */ = {
			isa = PBXGroup;
			children = (
				0A96E7E3185BE72700EAB0DC /* iWinViewProfileTest.m */,
			);
			name = ViewProfileTest;
			sourceTree = "<group>";
		};
		0A96E7E0185BE6CF00EAB0DC /* EditProfileTest */ = {
			isa = PBXGroup;
			children = (
				0A96E7E1185BE70C00EAB0DC /* iWinEditProfileTest.m */,
			);
			name = EditProfileTest;
			sourceTree = "<group>";
		};
		0AAC9E921846FE2B0073260F /* OpenEars */ = {
			isa = PBXGroup;
			children = (
				0AAC9E931846FE6F0073260F /* iWinOpenEarsModel.h */,
				0AAC9E941846FE6F0073260F /* iWinOpenEarsModel.m */,
			);
			name = OpenEars;
			sourceTree = "<group>";
		};
		7941FDB618278A7800AAA92E /* MergeNote */ = {
			isa = PBXGroup;
			children = (
				7941FDBF18278B4A00AAA92E /* iWinMergeNoteViewController.h */,
				7941FDC018278B4A00AAA92E /* iWinMergeNoteViewController.m */,
				7941FDC118278B4A00AAA92E /* iWinMergeNoteViewController.xib */,
			);
			name = MergeNote;
			sourceTree = "<group>";
		};
		7941FDC41828834A00AAA92E /* ViewAndChangeSettings */ = {
			isa = PBXGroup;
			children = (
				7941FDC51828843500AAA92E /* iWinViewAndChangeSettingsViewController.h */,
				7941FDC61828843500AAA92E /* iWinViewAndChangeSettingsViewController.m */,
				7941FDC71828843500AAA92E /* iWinViewAndChangeSettingsViewController.xib */,
			);
			name = ViewAndChangeSettings;
			sourceTree = "<group>";
		};
		7941FDD0182A0D8E00AAA92E /* ViewProfile */ = {
			isa = PBXGroup;
			children = (
				7941FDD2182A0DCE00AAA92E /* iWinViewProfileViewController.h */,
				7941FDD3182A0DCE00AAA92E /* iWinViewProfileViewController.m */,
				7941FDD4182A0DCE00AAA92E /* iWinViewProfileViewController.xib */,
			);
			name = ViewProfile;
			sourceTree = "<group>";
		};
		79D513C1181F9CC800C79B71 /* ViewAndAddNotes */ = {
			isa = PBXGroup;
			children = (
				79D513C7181F9F0D00C79B71 /* iWinViewAndAddNotesViewController.h */,
				79D513C8181F9F0D00C79B71 /* iWinViewAndAddNotesViewController.m */,
				79D513C9181F9F0D00C79B71 /* iWinViewAndAddNotesViewController.xib */,
			);
			name = ViewAndAddNotes;
			sourceTree = "<group>";
		};
		79D513CC181F9F8700C79B71 /* NoteList */ = {
			isa = PBXGroup;
			children = (
				79D513CD181F9F9E00C79B71 /* iWinNoteListViewController.h */,
				79D513CE181F9F9E00C79B71 /* iWinNoteListViewController.m */,
				79D513CF181F9F9E00C79B71 /* iWinNoteListViewController.xib */,
			);
			name = NoteList;
			sourceTree = "<group>";
		};
/* End PBXGroup section */

/* Begin PBXNativeTarget section */
		0A04455517F3825C000FF2A0 /* MeetingBuilder */ = {
			isa = PBXNativeTarget;
			buildConfigurationList = 0A04457817F3825D000FF2A0 /* Build configuration list for PBXNativeTarget "MeetingBuilder" */;
			buildPhases = (
				0A04455217F3825C000FF2A0 /* Sources */,
				0A04455317F3825C000FF2A0 /* Frameworks */,
				0A04455417F3825C000FF2A0 /* Resources */,
			);
			buildRules = (
			);
			dependencies = (
			);
			name = MeetingBuilder;
			productName = MeetingBuilder;
			productReference = 0A04455617F3825C000FF2A0 /* MeetingBuilder.app */;
			productType = "com.apple.product-type.application";
		};
		0A7F1CC5185637310017209D /* MeetingBuilder Tests */ = {
			isa = PBXNativeTarget;
			buildConfigurationList = 0A7F1CD6185637310017209D /* Build configuration list for PBXNativeTarget "MeetingBuilder Tests" */;
			buildPhases = (
				0A7F1CC2185637310017209D /* Sources */,
				0A7F1CC3185637310017209D /* Frameworks */,
				0A7F1CC4185637310017209D /* Resources */,
			);
			buildRules = (
			);
			dependencies = (
				0A7F1CD5185637310017209D /* PBXTargetDependency */,
			);
			name = "MeetingBuilder Tests";
			productName = "MeetingBuilder Tests";
			productReference = 0A7F1CC6185637310017209D /* MeetingBuilder Tests.xctest */;
			productType = "com.apple.product-type.bundle.unit-test";
		};
/* End PBXNativeTarget section */

/* Begin PBXProject section */
		0A04454E17F3825C000FF2A0 /* Project object */ = {
			isa = PBXProject;
			attributes = {
				CLASSPREFIX = iWin;
				LastUpgradeCheck = 0460;
				ORGANIZATIONNAME = CSSE371;
				TargetAttributes = {
					0A04455517F3825C000FF2A0 = {
						DevelopmentTeam = NW5WC35K46;
					};
					0A7F1CC5185637310017209D = {
						TestTargetID = 0A04455517F3825C000FF2A0;
					};
				};
			};
			buildConfigurationList = 0A04455117F3825C000FF2A0 /* Build configuration list for PBXProject "MeetingBuilder" */;
			compatibilityVersion = "Xcode 3.2";
			developmentRegion = English;
			hasScannedForEncodings = 0;
			knownRegions = (
				en,
			);
			mainGroup = 0A04454D17F3825C000FF2A0;
			productRefGroup = 0A04455717F3825C000FF2A0 /* Products */;
			projectDirPath = "";
			projectRoot = "";
			targets = (
				0A04455517F3825C000FF2A0 /* MeetingBuilder */,
				0A7F1CC5185637310017209D /* MeetingBuilder Tests */,
			);
		};
/* End PBXProject section */

/* Begin PBXResourcesBuildPhase section */
		0A04455417F3825C000FF2A0 /* Resources */ = {
			isa = PBXResourcesBuildPhase;
			buildActionMask = 2147483647;
			files = (
				7941FDD6182A0DCE00AAA92E /* iWinViewProfileViewController.xib in Resources */,
				0A04456617F3825D000FF2A0 /* InfoPlist.strings in Resources */,
				0A7E516117FBEB9200A4B8B7 /* iWinLoginViewController.xib in Resources */,
				0A04456E17F3825D000FF2A0 /* Default.png in Resources */,
				0A1A729F181A22AB009A49E5 /* iWinTaskListViewController.xib in Resources */,
				7941FDC91828843500AAA92E /* iWinViewAndChangeSettingsViewController.xib in Resources */,
				0ACE339B17FCF5F8003B9C0A /* iWinMeetingViewController.xib in Resources */,
				0A1A7297181A1802009A49E5 /* iWinAgendaItemViewController.xib in Resources */,
				0A1A72A9181A2C5E009A49E5 /* iWinAddUsersViewController.xib in Resources */,
				0A7F1CBE184FE0D60017209D /* AcousticModelEnglish.bundle in Resources */,
				0A1A72911819FE48009A49E5 /* iWinViewAndAddViewController.xib in Resources */,
				0A7E516617FBEBA200A4B8B7 /* iWinRegisterViewController.xib in Resources */,
				79D513D1181F9F9E00C79B71 /* iWinNoteListViewController.xib in Resources */,
				0A7E515C17FBEA9700A4B8B7 /* iWinMainViewController.xib in Resources */,
				0A1A727E1819E1F5009A49E5 /* iWinHomeScreenViewController.xib in Resources */,
				7941FDC318278B4A00AAA92E /* iWinMergeNoteViewController.xib in Resources */,
				0A1A728B1819F590009A49E5 /* iWinScheduleViewMeetingViewController.xib in Resources */,
				79D513CB181F9F0D00C79B71 /* iWinViewAndAddNotesViewController.xib in Resources */,
				0A1A72A4181A2663009A49E5 /* iWinAddAndViewTaskViewController.xib in Resources */,
				0A04457017F3825D000FF2A0 /* Default@2x.png in Resources */,
				0A7F1CBF184FE0D60017209D /* AcousticModelSpanish.bundle in Resources */,
				0A04457217F3825D000FF2A0 /* Default-568h@2x.png in Resources */,
			);
			runOnlyForDeploymentPostprocessing = 0;
		};
		0A7F1CC4185637310017209D /* Resources */ = {
			isa = PBXResourcesBuildPhase;
			buildActionMask = 2147483647;
			files = (
				0A7F1CD0185637310017209D /* InfoPlist.strings in Resources */,
			);
			runOnlyForDeploymentPostprocessing = 0;
		};
/* End PBXResourcesBuildPhase section */

/* Begin PBXSourcesBuildPhase section */
		0A04455217F3825C000FF2A0 /* Sources */ = {
			isa = PBXSourcesBuildPhase;
			buildActionMask = 2147483647;
			files = (
				0A1A727D1819E1F5009A49E5 /* iWinHomeScreenViewController.m in Sources */,
				0A1A72A3181A2663009A49E5 /* iWinAddAndViewTaskViewController.m in Sources */,
				7941FDC218278B4A00AAA92E /* iWinMergeNoteViewController.m in Sources */,
				0ACE339A17FCF5F8003B9C0A /* iWinMeetingViewController.m in Sources */,
				0A7F1CE9186127D60017209D /* Contact.m in Sources */,
				0A91DC9E1835D7AB00741349 /* OCSelectionView.m in Sources */,
				0A7F1CDF185908790017209D /* iWinContact.m in Sources */,
				0A1A7296181A1802009A49E5 /* iWinAgendaItemViewController.m in Sources */,
				0A1A72A8181A2C5E009A49E5 /* iWinAddUsersViewController.m in Sources */,
				0A91DC9B1835D7AB00741349 /* OCCalendarView.m in Sources */,
				79D513CA181F9F0D00C79B71 /* iWinViewAndAddNotesViewController.m in Sources */,
				0A7E516017FBEB9200A4B8B7 /* iWinLoginViewController.m in Sources */,
				0A1A729E181A22AB009A49E5 /* iWinTaskListViewController.m in Sources */,
				0AAC9E951846FE6F0073260F /* iWinOpenEarsModel.m in Sources */,
				7941FDC81828843500AAA92E /* iWinViewAndChangeSettingsViewController.m in Sources */,
				0A91DC9D1835D7AB00741349 /* OCDaysView.m in Sources */,
				0A04456817F3825D000FF2A0 /* main.m in Sources */,
				0A1A72901819FE48009A49E5 /* iWinViewAndAddViewController.m in Sources */,
				7941FDD5182A0DCE00AAA92E /* iWinViewProfileViewController.m in Sources */,
				0A7E516517FBEBA200A4B8B7 /* iWinRegisterViewController.m in Sources */,
				0A91DC9C1835D7AB00741349 /* OCCalendarViewController.m in Sources */,
				0A7F1CE218611FB10017209D /* iWinPopulateDatabase.m in Sources */,
				0A1A728A1819F590009A49E5 /* iWinScheduleViewMeetingViewController.m in Sources */,
				0A04456C17F3825D000FF2A0 /* iWinAppDelegate.m in Sources */,
				0A7E515B17FBEA9700A4B8B7 /* iWinMainViewController.m in Sources */,
				0A96E7E7185FAA6200EAB0DC /* iWinProfile.m in Sources */,
				0A04457517F3825D000FF2A0 /* MeetingBuilder.xcdatamodeld in Sources */,
				79D513D0181F9F9E00C79B71 /* iWinNoteListViewController.m in Sources */,
			);
			runOnlyForDeploymentPostprocessing = 0;
		};
		0A7F1CC2185637310017209D /* Sources */ = {
			isa = PBXSourcesBuildPhase;
			buildActionMask = 2147483647;
			files = (
				0A96E7E2185BE70C00EAB0DC /* iWinEditProfileTest.m in Sources */,
				0A7F1CD2185637310017209D /* MeetingBuilder_Tests.m in Sources */,
				0A7F1CDB1858FD820017209D /* iWinAddUserTest.m in Sources */,
				0A96E7E4185BE72700EAB0DC /* iWinViewProfileTest.m in Sources */,
			);
			runOnlyForDeploymentPostprocessing = 0;
		};
/* End PBXSourcesBuildPhase section */

/* Begin PBXTargetDependency section */
		0A7F1CD5185637310017209D /* PBXTargetDependency */ = {
			isa = PBXTargetDependency;
			target = 0A04455517F3825C000FF2A0 /* MeetingBuilder */;
			targetProxy = 0A7F1CD4185637310017209D /* PBXContainerItemProxy */;
		};
/* End PBXTargetDependency section */

/* Begin PBXVariantGroup section */
		0A04456417F3825D000FF2A0 /* InfoPlist.strings */ = {
			isa = PBXVariantGroup;
			children = (
				0A04456517F3825D000FF2A0 /* en */,
			);
			name = InfoPlist.strings;
			sourceTree = "<group>";
		};
		0A7F1CCE185637310017209D /* InfoPlist.strings */ = {
			isa = PBXVariantGroup;
			children = (
				0A7F1CCF185637310017209D /* en */,
			);
			name = InfoPlist.strings;
			sourceTree = "<group>";
		};
/* End PBXVariantGroup section */

/* Begin XCBuildConfiguration section */
		0A04457617F3825D000FF2A0 /* Debug */ = {
			isa = XCBuildConfiguration;
			buildSettings = {
				ALWAYS_SEARCH_USER_PATHS = NO;
				CLANG_CXX_LANGUAGE_STANDARD = "gnu++0x";
				CLANG_CXX_LIBRARY = "libc++";
				CLANG_ENABLE_OBJC_ARC = YES;
				CLANG_WARN_CONSTANT_CONVERSION = YES;
				CLANG_WARN_EMPTY_BODY = YES;
				CLANG_WARN_ENUM_CONVERSION = YES;
				CLANG_WARN_INT_CONVERSION = YES;
				CLANG_WARN__DUPLICATE_METHOD_MATCH = YES;
				"CODE_SIGN_IDENTITY[sdk=iphoneos*]" = "iPhone Developer";
				COPY_PHASE_STRIP = NO;
				GCC_C_LANGUAGE_STANDARD = gnu99;
				GCC_DYNAMIC_NO_PIC = NO;
				GCC_OPTIMIZATION_LEVEL = 0;
				GCC_PREPROCESSOR_DEFINITIONS = (
					"DEBUG=1",
					"$(inherited)",
				);
				GCC_SYMBOLS_PRIVATE_EXTERN = NO;
				GCC_WARN_ABOUT_RETURN_TYPE = YES;
				GCC_WARN_UNINITIALIZED_AUTOS = YES;
				GCC_WARN_UNUSED_VARIABLE = YES;
				IPHONEOS_DEPLOYMENT_TARGET = 6.1;
				ONLY_ACTIVE_ARCH = YES;
				SDKROOT = iphoneos;
				TARGETED_DEVICE_FAMILY = 2;
			};
			name = Debug;
		};
		0A04457717F3825D000FF2A0 /* Release */ = {
			isa = XCBuildConfiguration;
			buildSettings = {
				ALWAYS_SEARCH_USER_PATHS = NO;
				CLANG_CXX_LANGUAGE_STANDARD = "gnu++0x";
				CLANG_CXX_LIBRARY = "libc++";
				CLANG_ENABLE_OBJC_ARC = YES;
				CLANG_WARN_CONSTANT_CONVERSION = YES;
				CLANG_WARN_EMPTY_BODY = YES;
				CLANG_WARN_ENUM_CONVERSION = YES;
				CLANG_WARN_INT_CONVERSION = YES;
				CLANG_WARN__DUPLICATE_METHOD_MATCH = YES;
				"CODE_SIGN_IDENTITY[sdk=iphoneos*]" = "iPhone Developer";
				COPY_PHASE_STRIP = YES;
				GCC_C_LANGUAGE_STANDARD = gnu99;
				GCC_WARN_ABOUT_RETURN_TYPE = YES;
				GCC_WARN_UNINITIALIZED_AUTOS = YES;
				GCC_WARN_UNUSED_VARIABLE = YES;
				IPHONEOS_DEPLOYMENT_TARGET = 6.1;
				OTHER_CFLAGS = "-DNS_BLOCK_ASSERTIONS=1";
				SDKROOT = iphoneos;
				TARGETED_DEVICE_FAMILY = 2;
				VALIDATE_PRODUCT = YES;
			};
			name = Release;
		};
		0A04457917F3825D000FF2A0 /* Debug */ = {
			isa = XCBuildConfiguration;
			buildSettings = {
				CODE_SIGN_IDENTITY = "iPhone Developer";
				"CODE_SIGN_IDENTITY[sdk=iphoneos*]" = "iPhone Developer";
				FRAMEWORK_SEARCH_PATHS = (
					"$(inherited)",
					/Users/csse/Downloads/OpenEarsDistribution/Framework,
					/Users/csse/Documents/CSSE371/Section04/MeetingBuilder/MeetingBuilder/Framework,
				);
				GCC_PRECOMPILE_PREFIX_HEADER = YES;
				GCC_PREFIX_HEADER = "MeetingBuilder/MeetingBuilder-Prefix.pch";
				INFOPLIST_FILE = "MeetingBuilder/MeetingBuilder-Info.plist";
				IPHONEOS_DEPLOYMENT_TARGET = 7.0;
				PRODUCT_NAME = "$(TARGET_NAME)";
				PROVISIONING_PROFILE = "";
				USER_HEADER_SEARCH_PATHS = "\"$(BUILT_PRODUCTS_DIR)/../../Headers\"";
				WRAPPER_EXTENSION = app;
			};
			name = Debug;
		};
		0A04457A17F3825D000FF2A0 /* Release */ = {
			isa = XCBuildConfiguration;
			buildSettings = {
				CODE_SIGN_IDENTITY = "iPhone Developer";
				"CODE_SIGN_IDENTITY[sdk=iphoneos*]" = "iPhone Developer";
				FRAMEWORK_SEARCH_PATHS = (
					"$(inherited)",
					/Users/csse/Downloads/OpenEarsDistribution/Framework,
					/Users/csse/Documents/CSSE371/Section04/MeetingBuilder/MeetingBuilder/Framework,
				);
				GCC_PRECOMPILE_PREFIX_HEADER = YES;
				GCC_PREFIX_HEADER = "MeetingBuilder/MeetingBuilder-Prefix.pch";
				INFOPLIST_FILE = "MeetingBuilder/MeetingBuilder-Info.plist";
				IPHONEOS_DEPLOYMENT_TARGET = 7.0;
				PRODUCT_NAME = "$(TARGET_NAME)";
				PROVISIONING_PROFILE = "";
				USER_HEADER_SEARCH_PATHS = "\"$(BUILT_PRODUCTS_DIR)/../../Headers\"";
				WRAPPER_EXTENSION = app;
			};
			name = Release;
		};
		0A7F1CD7185637310017209D /* Debug */ = {
			isa = XCBuildConfiguration;
			buildSettings = {
				ARCHS = "$(ARCHS_STANDARD_INCLUDING_64_BIT)";
				BUNDLE_LOADER = "$(BUILT_PRODUCTS_DIR)/MeetingBuilder.app/MeetingBuilder";
				CLANG_ENABLE_MODULES = YES;
				CLANG_WARN_BOOL_CONVERSION = YES;
				CLANG_WARN_DIRECT_OBJC_ISA_USAGE = YES_ERROR;
				CLANG_WARN_OBJC_ROOT_CLASS = YES_ERROR;
				FRAMEWORK_SEARCH_PATHS = (
					"$(SDKROOT)/Developer/Library/Frameworks",
					"$(inherited)",
					"$(DEVELOPER_FRAMEWORKS_DIR)",
				);
				GCC_PRECOMPILE_PREFIX_HEADER = YES;
				GCC_PREFIX_HEADER = "MeetingBuilder Tests/MeetingBuilder Tests-Prefix.pch";
				GCC_PREPROCESSOR_DEFINITIONS = (
					"DEBUG=1",
					"$(inherited)",
				);
				GCC_WARN_64_TO_32_BIT_CONVERSION = YES;
				GCC_WARN_ABOUT_RETURN_TYPE = YES_ERROR;
				GCC_WARN_UNDECLARED_SELECTOR = YES;
				GCC_WARN_UNUSED_FUNCTION = YES;
				INFOPLIST_FILE = "MeetingBuilder Tests/MeetingBuilder Tests-Info.plist";
				IPHONEOS_DEPLOYMENT_TARGET = 7.0;
				PRODUCT_NAME = "$(TARGET_NAME)";
				TEST_HOST = "$(BUNDLE_LOADER)";
				WRAPPER_EXTENSION = xctest;
			};
			name = Debug;
		};
		0A7F1CD8185637310017209D /* Release */ = {
			isa = XCBuildConfiguration;
			buildSettings = {
				ARCHS = "$(ARCHS_STANDARD_INCLUDING_64_BIT)";
				BUNDLE_LOADER = "$(BUILT_PRODUCTS_DIR)/MeetingBuilder.app/MeetingBuilder";
				CLANG_ENABLE_MODULES = YES;
				CLANG_WARN_BOOL_CONVERSION = YES;
				CLANG_WARN_DIRECT_OBJC_ISA_USAGE = YES_ERROR;
				CLANG_WARN_OBJC_ROOT_CLASS = YES_ERROR;
				ENABLE_NS_ASSERTIONS = NO;
				FRAMEWORK_SEARCH_PATHS = (
					"$(SDKROOT)/Developer/Library/Frameworks",
					"$(inherited)",
					"$(DEVELOPER_FRAMEWORKS_DIR)",
				);
				GCC_PRECOMPILE_PREFIX_HEADER = YES;
				GCC_PREFIX_HEADER = "MeetingBuilder Tests/MeetingBuilder Tests-Prefix.pch";
				GCC_WARN_64_TO_32_BIT_CONVERSION = YES;
				GCC_WARN_ABOUT_RETURN_TYPE = YES_ERROR;
				GCC_WARN_UNDECLARED_SELECTOR = YES;
				GCC_WARN_UNUSED_FUNCTION = YES;
				INFOPLIST_FILE = "MeetingBuilder Tests/MeetingBuilder Tests-Info.plist";
				IPHONEOS_DEPLOYMENT_TARGET = 7.0;
				PRODUCT_NAME = "$(TARGET_NAME)";
				TEST_HOST = "$(BUNDLE_LOADER)";
				WRAPPER_EXTENSION = xctest;
			};
			name = Release;
		};
/* End XCBuildConfiguration section */

/* Begin XCConfigurationList section */
		0A04455117F3825C000FF2A0 /* Build configuration list for PBXProject "MeetingBuilder" */ = {
			isa = XCConfigurationList;
			buildConfigurations = (
				0A04457617F3825D000FF2A0 /* Debug */,
				0A04457717F3825D000FF2A0 /* Release */,
			);
			defaultConfigurationIsVisible = 0;
			defaultConfigurationName = Release;
		};
		0A04457817F3825D000FF2A0 /* Build configuration list for PBXNativeTarget "MeetingBuilder" */ = {
			isa = XCConfigurationList;
			buildConfigurations = (
				0A04457917F3825D000FF2A0 /* Debug */,
				0A04457A17F3825D000FF2A0 /* Release */,
			);
			defaultConfigurationIsVisible = 0;
			defaultConfigurationName = Release;
		};
		0A7F1CD6185637310017209D /* Build configuration list for PBXNativeTarget "MeetingBuilder Tests" */ = {
			isa = XCConfigurationList;
			buildConfigurations = (
				0A7F1CD7185637310017209D /* Debug */,
				0A7F1CD8185637310017209D /* Release */,
			);
			defaultConfigurationIsVisible = 0;
			defaultConfigurationName = Release;
		};
/* End XCConfigurationList section */

/* Begin XCVersionGroup section */
		0A04457317F3825D000FF2A0 /* MeetingBuilder.xcdatamodeld */ = {
			isa = XCVersionGroup;
			children = (
				0A7F1CE3186124380017209D /* MeetingBuilder 2.xcdatamodel */,
				0A04457417F3825D000FF2A0 /* MeetingBuilder.xcdatamodel */,
			);
			currentVersion = 0A7F1CE3186124380017209D /* MeetingBuilder 2.xcdatamodel */;
			path = MeetingBuilder.xcdatamodeld;
			sourceTree = "<group>";
			versionGroupType = wrapper.xcdatamodel;
		};
/* End XCVersionGroup section */
	};
	rootObject = 0A04454E17F3825C000FF2A0 /* Project object */;
}
